{
  "lockfile-version": 1,
  "manifest": {
    "version": 1,
    "install": {
      "commitizen": {
        "pkg-path": "commitizen"
      },
      "pre-commit": {
        "pkg-path": "pre-commit"
      },
      "python312": {
        "pkg-path": "python312"
      },
      "uv": {
        "pkg-path": "uv"
      }
    },
    "hook": {},
    "profile": {},
    "options": {}
  },
  "packages": [
    {
      "attr_path": "commitizen",
      "broken": false,
      "derivation": "/nix/store/y6p730rg9j8ll5sm9pird8n7ag9iwj8r-python3.13-commitizen-4.9.1.drv",
      "description": "Tool to create committing rules for projects, auto bump versions, and generate changelogs",
      "install_id": "commitizen",
      "license": "MIT",
      "locked_url": "https://github.com/flox/nixpkgs?rev=7df7ff7d8e00218376575f0acdcc5d66741351ee",
      "name": "python3.13-commitizen-4.9.1",
      "pname": "commitizen",
      "rev": "7df7ff7d8e00218376575f0acdcc5d66741351ee",
      "rev_count": 870157,
      "rev_date": "2025-10-02T04:57:58Z",
      "scrape_date": "2025-10-03T04:40:08.816580Z",
      "stabilities": [
        "staging",
        "unstable"
      ],
      "unfree": false,
      "version": "4.9.1",
      "outputs_to_install": [
        "out"
      ],
      "outputs": {
        "dist": "/nix/store/dgy7gaam8bqbgg9affwpzi1sfibk83lc-python3.13-commitizen-4.9.1-dist",
        "out": "/nix/store/q573shd6saw764wsxcpv2b6xkxfxhy9b-python3.13-commitizen-4.9.1"
      },
      "system": "aarch64-darwin",
      "group": "toplevel",
      "priority": 5
    },
    {
      "attr_path": "commitizen",
      "broken": false,
      "derivation": "/nix/store/miza3j90yhszykivkzg8m72q7x7d8z09-python3.13-commitizen-4.9.1.drv",
      "description": "Tool to create committing rules for projects, auto bump versions, and generate changelogs",
      "install_id": "commitizen",
      "license": "MIT",
      "locked_url": "https://github.com/flox/nixpkgs?rev=7df7ff7d8e00218376575f0acdcc5d66741351ee",
      "name": "python3.13-commitizen-4.9.1",
      "pname": "commitizen",
      "rev": "7df7ff7d8e00218376575f0acdcc5d66741351ee",
      "rev_count": 870157,
      "rev_date": "2025-10-02T04:57:58Z",
      "scrape_date": "2025-10-03T04:56:38.422504Z",
      "stabilities": [
        "staging",
        "unstable"
      ],
      "unfree": false,
      "version": "4.9.1",
      "outputs_to_install": [
        "out"
      ],
      "outputs": {
        "dist": "/nix/store/rw41c5i42im0bx4k5s6xqwbi9q398383-python3.13-commitizen-4.9.1-dist",
        "out": "/nix/store/hqllr4dgak1z7vkmcwv88dj25426saap-python3.13-commitizen-4.9.1"
      },
      "system": "aarch64-linux",
      "group": "toplevel",
      "priority": 5
    },
    {
      "attr_path": "commitizen",
      "broken": false,
      "derivation": "/nix/store/442ml0n0j5qyjzjpz5ws8wj29lgxy1m9-python3.13-commitizen-4.9.1.drv",
      "description": "Tool to create committing rules for projects, auto bump versions, and generate changelogs",
      "install_id": "commitizen",
      "license": "MIT",
      "locked_url": "https://github.com/flox/nixpkgs?rev=7df7ff7d8e00218376575f0acdcc5d66741351ee",
      "name": "python3.13-commitizen-4.9.1",
      "pname": "commitizen",
      "rev": "7df7ff7d8e00218376575f0acdcc5d66741351ee",
      "rev_count": 870157,
      "rev_date": "2025-10-02T04:57:58Z",
      "scrape_date": "2025-10-03T05:12:15.478600Z",
      "stabilities": [
        "staging",
        "unstable"
      ],
      "unfree": false,
      "version": "4.9.1",
      "outputs_to_install": [
        "out"
      ],
      "outputs": {
        "dist": "/nix/store/fjzdyyl2d2jdwg3nnj3vghsfpi31psb9-python3.13-commitizen-4.9.1-dist",
        "out": "/nix/store/v3rmzcv11kbrlh243w5mxqjxyddj17r1-python3.13-commitizen-4.9.1"
      },
      "system": "x86_64-darwin",
      "group": "toplevel",
      "priority": 5
    },
    {
      "attr_path": "commitizen",
      "broken": false,
      "derivation": "/nix/store/xxdariri3db6x7cbnb84cj2fsn2yg122-python3.13-commitizen-4.9.1.drv",
      "description": "Tool to create committing rules for projects, auto bump versions, and generate changelogs",
      "install_id": "commitizen",
      "license": "MIT",
      "locked_url": "https://github.com/flox/nixpkgs?rev=7df7ff7d8e00218376575f0acdcc5d66741351ee",
      "name": "python3.13-commitizen-4.9.1",
      "pname": "commitizen",
      "rev": "7df7ff7d8e00218376575f0acdcc5d66741351ee",
      "rev_count": 870157,
      "rev_date": "2025-10-02T04:57:58Z",
      "scrape_date": "2025-10-03T05:27:31.864979Z",
      "stabilities": [
        "staging",
        "unstable"
      ],
      "unfree": false,
      "version": "4.9.1",
      "outputs_to_install": [
        "out"
      ],
      "outputs": {
        "dist": "/nix/store/6h3bsadwp47y3s47gpjsrf6v09b95plm-python3.13-commitizen-4.9.1-dist",
        "out": "/nix/store/y0n0gd6gz1njqqvf9w4h9ia9q49hqm30-python3.13-commitizen-4.9.1"
      },
      "system": "x86_64-linux",
      "group": "toplevel",
      "priority": 5
    },
    {
      "attr_path": "pre-commit",
      "broken": false,
      "derivation": "/nix/store/3ms9g9m4rnz1p5q3wd4r0l471b1byrmx-pre-commit-4.3.0.drv",
      "description": "Framework for managing and maintaining multi-language pre-commit hooks",
      "install_id": "pre-commit",
      "license": "MIT",
      "locked_url": "https://github.com/flox/nixpkgs?rev=7df7ff7d8e00218376575f0acdcc5d66741351ee",
      "name": "pre-commit-4.3.0",
      "pname": "pre-commit",
      "rev": "7df7ff7d8e00218376575f0acdcc5d66741351ee",
      "rev_count": 870157,
      "rev_date": "2025-10-02T04:57:58Z",
      "scrape_date": "2025-10-03T04:40:48.372786Z",
      "stabilities": [
        "staging",
        "unstable"
      ],
      "unfree": false,
      "version": "4.3.0",
      "outputs_to_install": [
        "out"
      ],
      "outputs": {
        "dist": "/nix/store/r65b8k7p52fcw1lnaw560wnswn7sq5l9-pre-commit-4.3.0-dist",
        "out": "/nix/store/i2y7jkijwc5f0ly9w7pb5nsnib2mlm3v-pre-commit-4.3.0"
      },
      "system": "aarch64-darwin",
      "group": "toplevel",
      "priority": 5
    },
    {
      "attr_path": "pre-commit",
      "broken": false,
      "derivation": "/nix/store/bqdmh1imj17grlksqqyswbpi098mcrrh-pre-commit-4.3.0.drv",
      "description": "Framework for managing and maintaining multi-language pre-commit hooks",
      "install_id": "pre-commit",
      "license": "MIT",
      "locked_url": "https://github.com/flox/nixpkgs?rev=7df7ff7d8e00218376575f0acdcc5d66741351ee",
      "name": "pre-commit-4.3.0",
      "pname": "pre-commit",
      "rev": "7df7ff7d8e00218376575f0acdcc5d66741351ee",
      "rev_count": 870157,
      "rev_date": "2025-10-02T04:57:58Z",
      "scrape_date": "2025-10-03T04:57:39.179085Z",
      "stabilities": [
        "staging",
        "unstable"
      ],
      "unfree": false,
      "version": "4.3.0",
      "outputs_to_install": [
        "out"
      ],
      "outputs": {
        "dist": "/nix/store/dfm1bdbsvw4qd214972h81fw8g5fpdjc-pre-commit-4.3.0-dist",
        "out": "/nix/store/053lk2khq3v7p8sqx84whzhlb429g6gm-pre-commit-4.3.0"
      },
      "system": "aarch64-linux",
      "group": "toplevel",
      "priority": 5
    },
    {
      "attr_path": "pre-commit",
      "broken": false,
      "derivation": "/nix/store/h0hpl1pjx6rxjykpc6k3m89sp9cx9fcx-pre-commit-4.3.0.drv",
      "description": "Framework for managing and maintaining multi-language pre-commit hooks",
      "install_id": "pre-commit",
      "license": "MIT",
      "locked_url": "https://github.com/flox/nixpkgs?rev=7df7ff7d8e00218376575f0acdcc5d66741351ee",
      "name": "pre-commit-4.3.0",
      "pname": "pre-commit",
      "rev": "7df7ff7d8e00218376575f0acdcc5d66741351ee",
      "rev_count": 870157,
      "rev_date": "2025-10-02T04:57:58Z",
      "scrape_date": "2025-10-03T05:12:52.841848Z",
      "stabilities": [
        "staging",
        "unstable"
      ],
      "unfree": false,
      "version": "4.3.0",
      "outputs_to_install": [
        "out"
      ],
      "outputs": {
        "dist": "/nix/store/drb2rm5vz0632ydd6m4xwkpcj6j01w4q-pre-commit-4.3.0-dist",
        "out": "/nix/store/j79nsa5j79wmq3jf4kwizaldr5fm82mv-pre-commit-4.3.0"
      },
      "system": "x86_64-darwin",
      "group": "toplevel",
      "priority": 5
    },
    {
      "attr_path": "pre-commit",
      "broken": false,
      "derivation": "/nix/store/vm284fl20f4a29liav484sd3rzm09knc-pre-commit-4.3.0.drv",
      "description": "Framework for managing and maintaining multi-language pre-commit hooks",
      "install_id": "pre-commit",
      "license": "MIT",
      "locked_url": "https://github.com/flox/nixpkgs?rev=7df7ff7d8e00218376575f0acdcc5d66741351ee",
      "name": "pre-commit-4.3.0",
      "pname": "pre-commit",
      "rev": "7df7ff7d8e00218376575f0acdcc5d66741351ee",
      "rev_count": 870157,
      "rev_date": "2025-10-02T04:57:58Z",
      "scrape_date": "2025-10-03T05:28:36.351192Z",
      "stabilities": [
        "staging",
        "unstable"
      ],
      "unfree": false,
      "version": "4.3.0",
      "outputs_to_install": [
        "out"
      ],
      "outputs": {
        "dist": "/nix/store/7ni86x0z72zq3r5kyyixy52vsgz8rn3g-pre-commit-4.3.0-dist",
        "out": "/nix/store/0ybak1vc0vafqfy5dwyb5biaxr98f3kn-pre-commit-4.3.0"
      },
      "system": "x86_64-linux",
      "group": "toplevel",
      "priority": 5
    },
    {
      "attr_path": "python312",
      "broken": false,
      "derivation": "/nix/store/laksljzz6if63cb5w2bmpmbz7zs161bc-python3-3.12.11.drv",
      "description": "High-level dynamically-typed programming language",
      "install_id": "python312",
      "license": "Python-2.0",
      "locked_url": "https://github.com/flox/nixpkgs?rev=7df7ff7d8e00218376575f0acdcc5d66741351ee",
      "name": "python3-3.12.11",
      "pname": "python312",
      "rev": "7df7ff7d8e00218376575f0acdcc5d66741351ee",
      "rev_count": 870157,
      "rev_date": "2025-10-02T04:57:58Z",
      "scrape_date": "2025-10-03T04:40:49.153969Z",
      "stabilities": [
        "staging",
        "unstable"
      ],
      "unfree": false,
      "version": "python3-3.12.11",
      "outputs_to_install": [
        "out"
      ],
      "outputs": {
        "out": "/nix/store/y6hx9cmhnnypdwqy8i5knrzk9lx88mwv-python3-3.12.11"
      },
      "system": "aarch64-darwin",
      "group": "toplevel",
      "priority": 5
    },
    {
      "attr_path": "python312",
      "broken": false,
      "derivation": "/nix/store/7xz30jgfmdbdlm0rxzzqkjkd26krzyzy-python3-3.12.11.drv",
      "description": "High-level dynamically-typed programming language",
      "install_id": "python312",
      "license": "Python-2.0",
      "locked_url": "https://github.com/flox/nixpkgs?rev=7df7ff7d8e00218376575f0acdcc5d66741351ee",
      "name": "python3-3.12.11",
      "pname": "python312",
      "rev": "7df7ff7d8e00218376575f0acdcc5d66741351ee",
      "rev_count": 870157,
      "rev_date": "2025-10-02T04:57:58Z",
      "scrape_date": "2025-10-03T04:57:40.356954Z",
      "stabilities": [
        "staging",
        "unstable"
      ],
      "unfree": false,
      "version": "python3-3.12.11",
      "outputs_to_install": [
        "out"
      ],
      "outputs": {
        "debug": "/nix/store/vfgxfmclfi1pmq2r8km6lqfl0ypd1p9w-python3-3.12.11-debug",
        "out": "/nix/store/fnxv8pc5hsxx9qm8xb9w25i1r3cvsxw9-python3-3.12.11"
      },
      "system": "aarch64-linux",
      "group": "toplevel",
      "priority": 5
    },
    {
      "attr_path": "python312",
      "broken": false,
      "derivation": "/nix/store/5dlfa88ncylx9ir01adhqv747hikpa1z-python3-3.12.11.drv",
      "description": "High-level dynamically-typed programming language",
      "install_id": "python312",
      "license": "Python-2.0",
      "locked_url": "https://github.com/flox/nixpkgs?rev=7df7ff7d8e00218376575f0acdcc5d66741351ee",
      "name": "python3-3.12.11",
      "pname": "python312",
      "rev": "7df7ff7d8e00218376575f0acdcc5d66741351ee",
      "rev_count": 870157,
      "rev_date": "2025-10-02T04:57:58Z",
      "scrape_date": "2025-10-03T05:12:53.565521Z",
      "stabilities": [
        "staging",
        "unstable"
      ],
      "unfree": false,
      "version": "python3-3.12.11",
      "outputs_to_install": [
        "out"
      ],
      "outputs": {
        "out": "/nix/store/b6v9c1s74p34vlvhi9yafjyq728wjyqp-python3-3.12.11"
      },
      "system": "x86_64-darwin",
      "group": "toplevel",
      "priority": 5
    },
    {
      "attr_path": "python312",
      "broken": false,
      "derivation": "/nix/store/p2y0mnnb8zdh08jqscxby3spspjsjmjz-python3-3.12.11.drv",
      "description": "High-level dynamically-typed programming language",
      "install_id": "python312",
      "license": "Python-2.0",
      "locked_url": "https://github.com/flox/nixpkgs?rev=7df7ff7d8e00218376575f0acdcc5d66741351ee",
      "name": "python3-3.12.11",
      "pname": "python312",
      "rev": "7df7ff7d8e00218376575f0acdcc5d66741351ee",
      "rev_count": 870157,
      "rev_date": "2025-10-02T04:57:58Z",
      "scrape_date": "2025-10-03T05:28:37.540028Z",
      "stabilities": [
        "staging",
        "unstable"
      ],
      "unfree": false,
      "version": "python3-3.12.11",
      "outputs_to_install": [
        "out"
      ],
      "outputs": {
        "debug": "/nix/store/1dzwa80xvjxc4syiyfibj89k3vwxqg4y-python3-3.12.11-debug",
        "out": "/nix/store/zsbkvanzzx4dd5va9ivsx83rs12d4dsv-python3-3.12.11"
      },
      "system": "x86_64-linux",
      "group": "toplevel",
      "priority": 5
    },
    {
      "attr_path": "uv",
      "broken": false,
      "derivation": "/nix/store/y7l532c2myyg8565hwa5a4r7j4n9p7fh-uv-0.8.14.drv",
      "description": "Extremely fast Python package installer and resolver, written in Rust",
      "install_id": "uv",
      "license": "[ Apache-2.0, MIT ]",
      "locked_url": "https://github.com/flox/nixpkgs?rev=7df7ff7d8e00218376575f0acdcc5d66741351ee",
      "name": "uv-0.8.14",
      "pname": "uv",
      "rev": "7df7ff7d8e00218376575f0acdcc5d66741351ee",
      "rev_count": 870157,
      "rev_date": "2025-10-02T04:57:58Z",
      "scrape_date": "2025-10-03T04:42:38.822247Z",
      "stabilities": [
        "staging",
        "unstable"
      ],
      "unfree": false,
      "version": "0.8.14",
      "outputs_to_install": [
        "out"
      ],
      "outputs": {
        "out": "/nix/store/jvsjlmb0h8kfflmr1fjqaqvv8znp99pr-uv-0.8.14"
      },
      "system": "aarch64-darwin",
      "group": "toplevel",
      "priority": 5
    },
    {
      "attr_path": "uv",
      "broken": false,
      "derivation": "/nix/store/vcy1792801jkjs3wf73cig3vjp027hkf-uv-0.8.14.drv",
      "description": "Extremely fast Python package installer and resolver, written in Rust",
      "install_id": "uv",
      "license": "[ Apache-2.0, MIT ]",
      "locked_url": "https://github.com/flox/nixpkgs?rev=7df7ff7d8e00218376575f0acdcc5d66741351ee",
      "name": "uv-0.8.14",
      "pname": "uv",
      "rev": "7df7ff7d8e00218376575f0acdcc5d66741351ee",
      "rev_count": 870157,
      "rev_date": "2025-10-02T04:57:58Z",
      "scrape_date": "2025-10-03T04:59:51.496217Z",
      "stabilities": [
        "staging",
        "unstable"
      ],
      "unfree": false,
      "version": "0.8.14",
      "outputs_to_install": [
        "out"
      ],
      "outputs": {
        "out": "/nix/store/3yyvvd9k79im73nsafnrqqadi7ln7lgd-uv-0.8.14"
      },
      "system": "aarch64-linux",
      "group": "toplevel",
      "priority": 5
    },
    {
      "attr_path": "uv",
      "broken": false,
      "derivation": "/nix/store/xgprfjnv88g88vwcarfg1lrhs909dx3r-uv-0.8.14.drv",
      "description": "Extremely fast Python package installer and resolver, written in Rust",
      "install_id": "uv",
      "license": "[ Apache-2.0, MIT ]",
      "locked_url": "https://github.com/flox/nixpkgs?rev=7df7ff7d8e00218376575f0acdcc5d66741351ee",
      "name": "uv-0.8.14",
      "pname": "uv",
      "rev": "7df7ff7d8e00218376575f0acdcc5d66741351ee",
      "rev_count": 870157,
      "rev_date": "2025-10-02T04:57:58Z",
      "scrape_date": "2025-10-03T05:14:30.592016Z",
      "stabilities": [
        "staging",
        "unstable"
      ],
      "unfree": false,
      "version": "0.8.14",
      "outputs_to_install": [
        "out"
      ],
      "outputs": {
        "out": "/nix/store/lsl4wjgvsfvka6dm0lirlgpfks3r9937-uv-0.8.14"
      },
      "system": "x86_64-darwin",
      "group": "toplevel",
      "priority": 5
    },
    {
      "attr_path": "uv",
      "broken": false,
      "derivation": "/nix/store/f3s7wdmapw1xi83yw2445dnr8wibpikr-uv-0.8.14.drv",
      "description": "Extremely fast Python package installer and resolver, written in Rust",
      "install_id": "uv",
      "license": "[ Apache-2.0, MIT ]",
      "locked_url": "https://github.com/flox/nixpkgs?rev=7df7ff7d8e00218376575f0acdcc5d66741351ee",
      "name": "uv-0.8.14",
      "pname": "uv",
      "rev": "7df7ff7d8e00218376575f0acdcc5d66741351ee",
      "rev_count": 870157,
      "rev_date": "2025-10-02T04:57:58Z",
      "scrape_date": "2025-10-03T05:30:50.198394Z",
      "stabilities": [
        "staging",
        "unstable"
      ],
      "unfree": false,
      "version": "0.8.14",
      "outputs_to_install": [
        "out"
      ],
      "outputs": {
        "out": "/nix/store/d4klvr31w9qc9qpypwaxmz6f9xy3339y-uv-0.8.14"
      },
      "system": "x86_64-linux",
      "group": "toplevel",
      "priority": 5
    }
  ]
}
